
Microsoft Visual Studio Solution File, Format Version 12.00
# Visual Studio Version 16
VisualStudioVersion = 16.0.30907.101
MinimumVisualStudioVersion = 10.0.40219.1
Project("{FAE04EC0-301F-11D3-BF4B-00C04F79EFBC}") = "X1APServer.Repository", "X1APServer.DAO\X1APServer.Repository.csproj", "{72B60811-70D8-4A61-B8A6-7F4BC22F2380}"
EndProject
Project("{FAE04EC0-301F-11D3-BF4B-00C04F79EFBC}") = "X1APServer.Service", "X1APServer.Service\X1APServer.Service.csproj", "{99036111-3F83-4996-9379-A71DB18DAF90}"
EndProject
Project("{FAE04EC0-301F-11D3-BF4B-00C04F79EFBC}") = "X1APServer.WebAP", "X1APServer.WebAP\X1APServer.WebAP.csproj", "{8C3A2B7A-A154-46CF-9AEC-1490AFF4FF8D}"
EndProject
Project("{00D1A9C2-B5F0-4AF3-8072-F6C62B433612}") = "X1APDBQuestCreator", "X1APDBQuestCreator\X1APDBQuestCreator.sqlproj", "{67752A5F-877C-4B23-AF08-B9964A83B885}"
EndProject
Project("{00D1A9C2-B5F0-4AF3-8072-F6C62B433612}") = "DMSShare", "DMSShare\DMSShare.sqlproj", "{D6A1789C-B9BB-4D75-844F-5B72F8D77334}"
EndProject
Global
	GlobalSection(SolutionConfigurationPlatforms) = preSolution
		Debug|Any CPU = Debug|Any CPU
		DMDMS|Any CPU = DMDMS|Any CPU
		Release|Any CPU = Release|Any CPU
		Test|Any CPU = Test|Any CPU
		TMWHRelease|Any CPU = TMWHRelease|Any CPU
	EndGlobalSection
	GlobalSection(ProjectConfigurationPlatforms) = postSolution
		{72B60811-70D8-4A61-B8A6-7F4BC22F2380}.Debug|Any CPU.ActiveCfg = Debug|Any CPU
		{72B60811-70D8-4A61-B8A6-7F4BC22F2380}.Debug|Any CPU.Build.0 = Debug|Any CPU
		{72B60811-70D8-4A61-B8A6-7F4BC22F2380}.DMDMS|Any CPU.ActiveCfg = DMDMS|Any CPU
		{72B60811-70D8-4A61-B8A6-7F4BC22F2380}.DMDMS|Any CPU.Build.0 = DMDMS|Any CPU
		{72B60811-70D8-4A61-B8A6-7F4BC22F2380}.Release|Any CPU.ActiveCfg = Release|Any CPU
		{72B60811-70D8-4A61-B8A6-7F4BC22F2380}.Release|Any CPU.Build.0 = Release|Any CPU
		{72B60811-70D8-4A61-B8A6-7F4BC22F2380}.Test|Any CPU.ActiveCfg = Test|Any CPU
		{72B60811-70D8-4A61-B8A6-7F4BC22F2380}.Test|Any CPU.Build.0 = Test|Any CPU
		{72B60811-70D8-4A61-B8A6-7F4BC22F2380}.TMWHRelease|Any CPU.ActiveCfg = TMWHRelease|Any CPU
		{72B60811-70D8-4A61-B8A6-7F4BC22F2380}.TMWHRelease|Any CPU.Build.0 = TMWHRelease|Any CPU
		{99036111-3F83-4996-9379-A71DB18DAF90}.Debug|Any CPU.ActiveCfg = Debug|Any CPU
		{99036111-3F83-4996-9379-A71DB18DAF90}.Debug|Any CPU.Build.0 = Debug|Any CPU
		{99036111-3F83-4996-9379-A71DB18DAF90}.DMDMS|Any CPU.ActiveCfg = DMDMS|Any CPU
		{99036111-3F83-4996-9379-A71DB18DAF90}.DMDMS|Any CPU.Build.0 = DMDMS|Any CPU
		{99036111-3F83-4996-9379-A71DB18DAF90}.Release|Any CPU.ActiveCfg = Release|Any CPU
		{99036111-3F83-4996-9379-A71DB18DAF90}.Release|Any CPU.Build.0 = Release|Any CPU
		{99036111-3F83-4996-9379-A71DB18DAF90}.Test|Any CPU.ActiveCfg = Test|Any CPU
		{99036111-3F83-4996-9379-A71DB18DAF90}.Test|Any CPU.Build.0 = Test|Any CPU
		{99036111-3F83-4996-9379-A71DB18DAF90}.TMWHRelease|Any CPU.ActiveCfg = TMWHRelease|Any CPU
		{99036111-3F83-4996-9379-A71DB18DAF90}.TMWHRelease|Any CPU.Build.0 = TMWHRelease|Any CPU
		{8C3A2B7A-A154-46CF-9AEC-1490AFF4FF8D}.Debug|Any CPU.ActiveCfg = Debug|Any CPU
		{8C3A2B7A-A154-46CF-9AEC-1490AFF4FF8D}.Debug|Any CPU.Build.0 = Debug|Any CPU
		{8C3A2B7A-A154-46CF-9AEC-1490AFF4FF8D}.DMDMS|Any CPU.ActiveCfg = DMDMS|Any CPU
		{8C3A2B7A-A154-46CF-9AEC-1490AFF4FF8D}.DMDMS|Any CPU.Build.0 = DMDMS|Any CPU
		{8C3A2B7A-A154-46CF-9AEC-1490AFF4FF8D}.Release|Any CPU.ActiveCfg = Release|Any CPU
		{8C3A2B7A-A154-46CF-9AEC-1490AFF4FF8D}.Release|Any CPU.Build.0 = Release|Any CPU
		{8C3A2B7A-A154-46CF-9AEC-1490AFF4FF8D}.Test|Any CPU.ActiveCfg = Test|Any CPU
		{8C3A2B7A-A154-46CF-9AEC-1490AFF4FF8D}.Test|Any CPU.Build.0 = Test|Any CPU
		{8C3A2B7A-A154-46CF-9AEC-1490AFF4FF8D}.TMWHRelease|Any CPU.ActiveCfg = TMWHRelease|Any CPU
		{8C3A2B7A-A154-46CF-9AEC-1490AFF4FF8D}.TMWHRelease|Any CPU.Build.0 = TMWHRelease|Any CPU
		{67752A5F-877C-4B23-AF08-B9964A83B885}.Debug|Any CPU.ActiveCfg = Debug|Any CPU
		{67752A5F-877C-4B23-AF08-B9964A83B885}.Debug|Any CPU.Build.0 = Debug|Any CPU
		{67752A5F-877C-4B23-AF08-B9964A83B885}.Debug|Any CPU.Deploy.0 = Debug|Any CPU
		{67752A5F-877C-4B23-AF08-B9964A83B885}.DMDMS|Any CPU.ActiveCfg = DMDMS|Any CPU
		{67752A5F-877C-4B23-AF08-B9964A83B885}.DMDMS|Any CPU.Build.0 = DMDMS|Any CPU
		{67752A5F-877C-4B23-AF08-B9964A83B885}.Release|Any CPU.ActiveCfg = Release|Any CPU
		{67752A5F-877C-4B23-AF08-B9964A83B885}.Release|Any CPU.Build.0 = Release|Any CPU
		{67752A5F-877C-4B23-AF08-B9964A83B885}.Release|Any CPU.Deploy.0 = Release|Any CPU
		{67752A5F-877C-4B23-AF08-B9964A83B885}.Test|Any CPU.ActiveCfg = Test|Any CPU
		{67752A5F-877C-4B23-AF08-B9964A83B885}.Test|Any CPU.Build.0 = Test|Any CPU
		{67752A5F-877C-4B23-AF08-B9964A83B885}.Test|Any CPU.Deploy.0 = Test|Any CPU
		{67752A5F-877C-4B23-AF08-B9964A83B885}.TMWHRelease|Any CPU.ActiveCfg = Release|Any CPU
		{67752A5F-877C-4B23-AF08-B9964A83B885}.TMWHRelease|Any CPU.Build.0 = Release|Any CPU
		{67752A5F-877C-4B23-AF08-B9964A83B885}.TMWHRelease|Any CPU.Deploy.0 = Release|Any CPU
		{D6A1789C-B9BB-4D75-844F-5B72F8D77334}.Debug|Any CPU.ActiveCfg = Debug|Any CPU
		{D6A1789C-B9BB-4D75-844F-5B72F8D77334}.Debug|Any CPU.Build.0 = Debug|Any CPU
		{D6A1789C-B9BB-4D75-844F-5B72F8D77334}.Debug|Any CPU.Deploy.0 = Debug|Any CPU
		{D6A1789C-B9BB-4D75-844F-5B72F8D77334}.DMDMS|Any CPU.ActiveCfg = Debug|Any CPU
		{D6A1789C-B9BB-4D75-844F-5B72F8D77334}.DMDMS|Any CPU.Build.0 = Debug|Any CPU
		{D6A1789C-B9BB-4D75-844F-5B72F8D77334}.DMDMS|Any CPU.Deploy.0 = Debug|Any CPU
		{D6A1789C-B9BB-4D75-844F-5B72F8D77334}.Release|Any CPU.ActiveCfg = Release|Any CPU
		{D6A1789C-B9BB-4D75-844F-5B72F8D77334}.Release|Any CPU.Build.0 = Release|Any CPU
		{D6A1789C-B9BB-4D75-844F-5B72F8D77334}.Release|Any CPU.Deploy.0 = Release|Any CPU
		{D6A1789C-B9BB-4D75-844F-5B72F8D77334}.Test|Any CPU.ActiveCfg = Release|Any CPU
		{D6A1789C-B9BB-4D75-844F-5B72F8D77334}.Test|Any CPU.Build.0 = Release|Any CPU
		{D6A1789C-B9BB-4D75-844F-5B72F8D77334}.Test|Any CPU.Deploy.0 = Release|Any CPU
		{D6A1789C-B9BB-4D75-844F-5B72F8D77334}.TMWHRelease|Any CPU.ActiveCfg = Release|Any CPU
		{D6A1789C-B9BB-4D75-844F-5B72F8D77334}.TMWHRelease|Any CPU.Build.0 = Release|Any CPU
		{D6A1789C-B9BB-4D75-844F-5B72F8D77334}.TMWHRelease|Any CPU.Deploy.0 = Release|Any CPU
	EndGlobalSection
	GlobalSection(SolutionProperties) = preSolution
		HideSolutionNode = FALSE
	EndGlobalSection
	GlobalSection(ExtensibilityGlobals) = postSolution
		SolutionGuid = {116E748A-10A4-4F49-9F3E-805DD0932C31}
		EnterpriseLibraryConfigurationToolBinariesPathV6 = packages\EnterpriseLibrary.Common.6.0.1304.0\lib\NET45;packages\EnterpriseLibrary.Logging.6.0.1304.0\lib\NET45
	EndGlobalSection
EndGlobal
